Microsoft Visual Studio Solution File, Format Version 12.00
# Visual Studio Version 17
VisualStudioVersion = 17.5.2.0
MinimumVisualStudioVersion = 10.0.40219.1
Project("{2150E333-8FDC-42A3-9474-1A3956D46DE8}") = "Level1", "Level1", "{687E35B5-31F9-28D1-BEB4-324D10442881}"
EndProject
Project("{FAE04EC0-301F-11D3-BF4B-00C04F79EFBC}") = "HelloWorld", "Level1\HelloWorld\HelloWorld.csproj", "{8BF751EB-46B7-2B23-6FC5-FE8435ACC1D9}"
EndProject
Global
	GlobalSection(SolutionConfigurationPlatforms) = preSolution
		Debug|Any CPU = Debug|Any CPU
		Release|Any CPU = Release|Any CPU
	EndGlobalSection
	GlobalSection(ProjectConfigurationPlatforms) = postSolution
		{8BF751EB-46B7-2B23-6FC5-FE8435ACC1D9}.Debug|Any CPU.ActiveCfg = Debug|Any CPU
		{8BF751EB-46B7-2B23-6FC5-FE8435ACC1D9}.Debug|Any CPU.Build.0 = Debug|Any CPU
		{8BF751EB-46B7-2B23-6FC5-FE8435ACC1D9}.Release|Any CPU.ActiveCfg = Release|Any CPU
		{8BF751EB-46B7-2B23-6FC5-FE8435ACC1D9}.Release|Any CPU.Build.0 = Release|Any CPU
	EndGlobalSection
	GlobalSection(SolutionProperties) = preSolution
		HideSolutionNode = FALSE
	EndGlobalSection
	GlobalSection(NestedProjects) = preSolution
		{8BF751EB-46B7-2B23-6FC5-FE8435ACC1D9} = {687E35B5-31F9-28D1-BEB4-324D10442881}
	EndGlobalSection
	GlobalSection(ExtensibilityGlobals) = postSolution
		SolutionGuid = {83E14BA7-7599-4001-A043-E1CF7B75C30F}
	EndGlobalSection
EndGlobal
